PODS:
  - Flutter (1.0.0)
  - pdf_barcode_decoder (0.0.1):
    - Flutter

DEPENDENCIES:
  - Flutter (from `Flutter`)
  - pdf_barcode_decoder (from `.symlinks/plugins/pdf_barcode_decoder/ios`)

EXTERNAL SOURCES:
  Flutter:
    :path: Flutter
  pdf_barcode_decoder:
    :path: ".symlinks/plugins/pdf_barcode_decoder/ios"

SPEC CHECKSUMS:
  Flutter: cabc95a1d2626b1b06e7179b784ebcf0c0cde467
  pdf_barcode_decoder: 2e3a5df8d3efd509eaf071dfd2e1fc3779c0523d

PODFILE CHECKSUM: 3c63482e143d1b91d2d2560aee9fb04ecc74ac7e

COCOAPODS: 1.16.2
